# This file is automatically @generated by Cargo.
# It is not intended for manual editing.
version = 4

[[package]]
name = "module01-variables-immutability-shadowing"
version = "0.1.0"

[[package]]
name = "module02-data-types"
version = "0.1.0"

[[package]]
name = "module03-functions"
version = "0.1.0"

[[package]]
name = "module04-control-flow"
version = "0.1.0"

[[package]]
name = "module05-ownership-borrowing"
version = "0.1.0"

[[package]]
name = "module06-references-slices"
version = "0.1.0"

[[package]]
name = "module07-structs"
version = "0.1.0"
